
Microsoft Visual Studio Solution File, Format Version 12.00
Project("{FAE04EC0-301F-11D3-BF4B-00C04F79EFBC}") = "AdventOfCode.2020.Day01", "AdventOfCode.2020.Day01\AdventOfCode.2020.Day01.csproj", "{27CF5F24-27C4-49BB-BD60-0066F778EA0A}"
EndProject
Global
	GlobalSection(SolutionConfigurationPlatforms) = preSolution
		Debug|Any CPU = Debug|Any CPU
		Release|Any CPU = Release|Any CPU
	EndGlobalSection
	GlobalSection(ProjectConfigurationPlatforms) = postSolution
		{27CF5F24-27C4-49BB-BD60-0066F778EA0A}.Debug|Any CPU.ActiveCfg = Debug|Any CPU
		{27CF5F24-27C4-49BB-BD60-0066F778EA0A}.Debug|Any CPU.Build.0 = Debug|Any CPU
		{27CF5F24-27C4-49BB-BD60-0066F778EA0A}.Release|Any CPU.ActiveCfg = Release|Any CPU
		{27CF5F24-27C4-49BB-BD60-0066F778EA0A}.Release|Any CPU.Build.0 = Release|Any CPU
	EndGlobalSection
EndGlobal
